github.com/Unknwon/goconfig v0.0.0-20200908083735-df7de6a44db8 h1:1TrMV1HmBApBbM+Hy7RCKZD6UlYWYIPPfoeXomG7+zE=
github.com/Unknwon/goconfig v0.0.0-20200908083735-df7de6a44db8/go.mod h1:wngxua9XCNjvHjDiTiV26DaKDT+0c63QR6H5hjVUUxw=
github.com/goftp/server v0.0.0-20200708154336-f64f7c2d8a42 h1:JdOp2qR5PF4O75tzHeqrwnDDv8oHDptWyTbyYS4fD8E=
github.com/goftp/server v0.0.0-20200708154336-f64f7c2d8a42/go.mod h1:k/SS6VWkxY7dHPhoMQ8IdRu8L4lQtmGbhyXGg+vCnXE=
github.com/lunny/log v0.0.0-20160921050905-7887c61bf0de h1:nyxwRdWHAVxpFcDThedEgQ07DbcRc5xgNObtbTp76fk=
github.com/lunny/log v0.0.0-20160921050905-7887c61bf0de/go.mod h1:3q8WtuPQsoRbatJuy3nvq/hRSvuBJrHHr+ybPPiNvHQ=
